// !$*UTF8*$!
{
	archiveVersion = 1;
	classes = {
	};
	objectVersion = 55;
	objects = {

/* Begin PBXBuildFile section */
		51099A88283A66620044D232 /* 1292번 쉽게푸는문제.swift in Sources */ = {isa = PBXBuildFile; fileRef = 51099A87283A66620044D232 /* 1292번 쉽게푸는문제.swift */; };
/* End PBXBuildFile section */

/* Begin PBXCopyFilesBuildPhase section */
		51B717662831280E00804F25 /* CopyFiles */ = {
			isa = PBXCopyFilesBuildPhase;
			buildActionMask = 2147483647;
			dstPath = /usr/share/man/man1/;
			dstSubfolderSpec = 0;
			files = (
			);
			runOnlyForDeploymentPostprocessing = 1;
		};
/* End PBXCopyFilesBuildPhase section */

/* Begin PBXFileReference section */
		51099A7E283A4FE40044D232 /* 1110번 더하기 사이클.swift */ = {isa = PBXFileReference; lastKnownFileType = sourcecode.swift; path = "1110번 더하기 사이클.swift"; sourceTree = "<group>"; };
		51099A81283A55720044D232 /* 1259번 팰린드롬수.swift */ = {isa = PBXFileReference; lastKnownFileType = sourcecode.swift; path = "1259번 팰린드롬수.swift"; sourceTree = "<group>"; };
		51099A83283A597E0044D232 /* 1157번 단어공부.swift */ = {isa = PBXFileReference; lastKnownFileType = sourcecode.swift; path = "1157번 단어공부.swift"; sourceTree = "<group>"; };
		51099A85283A62D00044D232 /* 1181번 단어정렬.swift */ = {isa = PBXFileReference; lastKnownFileType = sourcecode.swift; path = "1181번 단어정렬.swift"; sourceTree = "<group>"; };
		51099A87283A66620044D232 /* 1292번 쉽게푸는문제.swift */ = {isa = PBXFileReference; lastKnownFileType = sourcecode.swift; path = "1292번 쉽게푸는문제.swift"; sourceTree = "<group>"; };
		51B717682831280E00804F25 /* CodingTest */ = {isa = PBXFileReference; explicitFileType = "compiled.mach-o.executable"; includeInIndex = 0; path = CodingTest; sourceTree = BUILT_PRODUCTS_DIR; };
		51B7176B2831280E00804F25 /* K번째 수.swift */ = {isa = PBXFileReference; lastKnownFileType = sourcecode.swift; path = "K번째 수.swift"; sourceTree = "<group>"; };
		51B7177428312E5B00804F25 /* 없는 숫자 더하기.swift */ = {isa = PBXFileReference; lastKnownFileType = sourcecode.swift; path = "없는 숫자 더하기.swift"; sourceTree = "<group>"; };
		51B717792831343200804F25 /* 가장 큰 수.swift */ = {isa = PBXFileReference; lastKnownFileType = sourcecode.swift; path = "가장 큰 수.swift"; sourceTree = "<group>"; };
		51B7177C28313CB300804F25 /* H-Index.swift */ = {isa = PBXFileReference; lastKnownFileType = sourcecode.swift; path = "H-Index.swift"; sourceTree = "<group>"; };
		51B7177F2831606300804F25 /* 신규 아이디 추천.swift */ = {isa = PBXFileReference; lastKnownFileType = sourcecode.swift; path = "신규 아이디 추천.swift"; sourceTree = "<group>"; };
/* End PBXFileReference section */

/* Begin PBXFrameworksBuildPhase section */
		51B717652831280E00804F25 /* Frameworks */ = {
			isa = PBXFrameworksBuildPhase;
			buildActionMask = 2147483647;
			files = (
			);
			runOnlyForDeploymentPostprocessing = 0;
		};
/* End PBXFrameworksBuildPhase section */

/* Begin PBXGroup section */
		51099A7C283A4FBA0044D232 /* BOJ */ = {
			isa = PBXGroup;
			children = (
				51099A7D283A4FC40044D232 /* 22.05.22 */,
			);
			path = BOJ;
			sourceTree = "<group>";
		};
		51099A7D283A4FC40044D232 /* 22.05.22 */ = {
			isa = PBXGroup;
			children = (
				51099A7E283A4FE40044D232 /* 1110번 더하기 사이클.swift */,
				51099A81283A55720044D232 /* 1259번 팰린드롬수.swift */,
				51099A83283A597E0044D232 /* 1157번 단어공부.swift */,
				51099A85283A62D00044D232 /* 1181번 단어정렬.swift */,
				51099A87283A66620044D232 /* 1292번 쉽게푸는문제.swift */,
			);
			path = 22.05.22;
			sourceTree = "<group>";
		};
		51B7175F2831280E00804F25 = {
			isa = PBXGroup;
			children = (
				51B7176A2831280E00804F25 /* CodingTest */,
				51B717692831280E00804F25 /* Products */,
			);
			sourceTree = "<group>";
		};
		51B717692831280E00804F25 /* Products */ = {
			isa = PBXGroup;
			children = (
				51B717682831280E00804F25 /* CodingTest */,
			);
			name = Products;
			sourceTree = "<group>";
		};
		51B7176A2831280E00804F25 /* CodingTest */ = {
			isa = PBXGroup;
			children = (
				51099A7C283A4FBA0044D232 /* BOJ */,
				51B7177228312E2700804F25 /* Programmers */,
			);
			path = CodingTest;
			sourceTree = "<group>";
		};
		51B7177228312E2700804F25 /* Programmers */ = {
			isa = PBXGroup;
			children = (
				51B7177E28315C0A00804F25 /* 22.05.16 */,
				51B7177328312E3A00804F25 /* 22.05.15 */,
			);
			path = Programmers;
			sourceTree = "<group>";
		};
		51B7177328312E3A00804F25 /* 22.05.15 */ = {
			isa = PBXGroup;
			children = (
				51B7177428312E5B00804F25 /* 없는 숫자 더하기.swift */,
				51B7176B2831280E00804F25 /* K번째 수.swift */,
				51B717792831343200804F25 /* 가장 큰 수.swift */,
			);
			path = 22.05.15;
			sourceTree = "<group>";
		};
		51B7177E28315C0A00804F25 /* 22.05.16 */ = {
			isa = PBXGroup;
			children = (
				51B7177C28313CB300804F25 /* H-Index.swift */,
				51B7177F2831606300804F25 /* 신규 아이디 추천.swift */,
			);
			path = 22.05.16;
			sourceTree = "<group>";
		};
/* End PBXGroup section */

/* Begin PBXNativeTarget section */
		51B717672831280E00804F25 /* CodingTest */ = {
			isa = PBXNativeTarget;
			buildConfigurationList = 51B7176F2831280E00804F25 /* Build configuration list for PBXNativeTarget "CodingTest" */;
			buildPhases = (
				51B717642831280E00804F25 /* Sources */,
				51B717652831280E00804F25 /* Frameworks */,
				51B717662831280E00804F25 /* CopyFiles */,
			);
			buildRules = (
			);
			dependencies = (
			);
			name = CodingTest;
			productName = CodingTest;
			productReference = 51B717682831280E00804F25 /* CodingTest */;
			productType = "com.apple.product-type.tool";
		};
/* End PBXNativeTarget section */

/* Begin PBXProject section */
		51B717602831280E00804F25 /* Project object */ = {
			isa = PBXProject;
			attributes = {
				BuildIndependentTargetsInParallel = 1;
				LastSwiftUpdateCheck = 1330;
				LastUpgradeCheck = 1330;
				TargetAttributes = {
					51B717672831280E00804F25 = {
						CreatedOnToolsVersion = 13.3.1;
					};
				};
			};
			buildConfigurationList = 51B717632831280E00804F25 /* Build configuration list for PBXProject "CodingTest" */;
			compatibilityVersion = "Xcode 13.0";
			developmentRegion = en;
			hasScannedForEncodings = 0;
			knownRegions = (
				en,
				Base,
			);
			mainGroup = 51B7175F2831280E00804F25;
			productRefGroup = 51B717692831280E00804F25 /* Products */;
			projectDirPath = "";
			projectRoot = "";
			targets = (
				51B717672831280E00804F25 /* CodingTest */,
			);
		};
/* End PBXProject section */

/* Begin PBXSourcesBuildPhase section */
		51B717642831280E00804F25 /* Sources */ = {
			isa = PBXSourcesBuildPhase;
			buildActionMask = 2147483647;
			files = (
				51099A88283A66620044D232 /* 1292번 쉽게푸는문제.swift in Sources */,
			);
			runOnlyForDeploymentPostprocessing = 0;
		};
/* End PBXSourcesBuildPhase section */

/* Begin XCBuildConfiguration section */
		51B7176D2831280E00804F25 /* Debug */ = {
			isa = XCBuildConfiguration;
			buildSettings = {
				ALWAYS_SEARCH_USER_PATHS = NO;
				CLANG_ANALYZER_NONNULL = YES;
				CLANG_ANALYZER_NUMBER_OBJECT_CONVERSION = YES_AGGRESSIVE;
				CLANG_CXX_LANGUAGE_STANDARD = "gnu++17";
				CLANG_ENABLE_MODULES = YES;
				CLANG_ENABLE_OBJC_ARC = YES;
				CLANG_ENABLE_OBJC_WEAK = YES;
				CLANG_WARN_BLOCK_CAPTURE_AUTORELEASING = YES;
				CLANG_WARN_BOOL_CONVERSION = YES;
				CLANG_WARN_COMMA = YES;
				CLANG_WARN_CONSTANT_CONVERSION = YES;
				CLANG_WARN_DEPRECATED_OBJC_IMPLEMENTATIONS = YES;
				CLANG_WARN_DIRECT_OBJC_ISA_USAGE = YES_ERROR;
				CLANG_WARN_DOCUMENTATION_COMMENTS = YES;
				CLANG_WARN_EMPTY_BODY = YES;
				CLANG_WARN_ENUM_CONVERSION = YES;
				CLANG_WARN_INFINITE_RECURSION = YES;
				CLANG_WARN_INT_CONVERSION = YES;
				CLANG_WARN_NON_LITERAL_NULL_CONVERSION = YES;
				CLANG_WARN_OBJC_IMPLICIT_RETAIN_SELF = YES;
				CLANG_WARN_OBJC_LITERAL_CONVERSION = YES;
				CLANG_WARN_OBJC_ROOT_CLASS = YES_ERROR;
				CLANG_WARN_QUOTED_INCLUDE_IN_FRAMEWORK_HEADER = YES;
				CLANG_WARN_RANGE_LOOP_ANALYSIS = YES;
				CLANG_WARN_STRICT_PROTOTYPES = YES;
				CLANG_WARN_SUSPICIOUS_MOVE = YES;
				CLANG_WARN_UNGUARDED_AVAILABILITY = YES_AGGRESSIVE;
				CLANG_WARN_UNREACHABLE_CODE = YES;
				CLANG_WARN__DUPLICATE_METHOD_MATCH = YES;
				COPY_PHASE_STRIP = NO;
				DEBUG_INFORMATION_FORMAT = dwarf;
				ENABLE_STRICT_OBJC_MSGSEND = YES;
				ENABLE_TESTABILITY = YES;
				GCC_C_LANGUAGE_STANDARD = gnu11;
				GCC_DYNAMIC_NO_PIC = NO;
				GCC_NO_COMMON_BLOCKS = YES;
				GCC_OPTIMIZATION_LEVEL = 0;
				GCC_PREPROCESSOR_DEFINITIONS = (
					"DEBUG=1",
					"$(inherited)",
				);
				GCC_WARN_64_TO_32_BIT_CONVERSION = YES;
				GCC_WARN_ABOUT_RETURN_TYPE = YES_ERROR;
				GCC_WARN_UNDECLARED_SELECTOR = YES;
				GCC_WARN_UNINITIALIZED_AUTOS = YES_AGGRESSIVE;
				GCC_WARN_UNUSED_FUNCTION = YES;
				GCC_WARN_UNUSED_VARIABLE = YES;
				MACOSX_DEPLOYMENT_TARGET = 12.3;
				MTL_ENABLE_DEBUG_INFO = INCLUDE_SOURCE;
				MTL_FAST_MATH = YES;
				ONLY_ACTIVE_ARCH = YES;
				SDKROOT = macosx;
				SWIFT_ACTIVE_COMPILATION_CONDITIONS = DEBUG;
				SWIFT_OPTIMIZATION_LEVEL = "-Onone";
			};
			name = Debug;
		};
		51B7176E2831280E00804F25 /* Release */ = {
			isa = XCBuildConfiguration;
			buildSettings = {
				ALWAYS_SEARCH_USER_PATHS = NO;
				CLANG_ANALYZER_NONNULL = YES;
				CLANG_ANALYZER_NUMBER_OBJECT_CONVERSION = YES_AGGRESSIVE;
				CLANG_CXX_LANGUAGE_STANDARD = "gnu++17";
				CLANG_ENABLE_MODULES = YES;
				CLANG_ENABLE_OBJC_ARC = YES;
				CLANG_ENABLE_OBJC_WEAK = YES;
				CLANG_WARN_BLOCK_CAPTURE_AUTORELEASING = YES;
				CLANG_WARN_BOOL_CONVERSION = YES;
				CLANG_WARN_COMMA = YES;
				CLANG_WARN_CONSTANT_CONVERSION = YES;
				CLANG_WARN_DEPRECATED_OBJC_IMPLEMENTATIONS = YES;
				CLANG_WARN_DIRECT_OBJC_ISA_USAGE = YES_ERROR;
				CLANG_WARN_DOCUMENTATION_COMMENTS = YES;
				CLANG_WARN_EMPTY_BODY = YES;
				CLANG_WARN_ENUM_CONVERSION = YES;
				CLANG_WARN_INFINITE_RECURSION = YES;
				CLANG_WARN_INT_CONVERSION = YES;
				CLANG_WARN_NON_LITERAL_NULL_CONVERSION = YES;
				CLANG_WARN_OBJC_IMPLICIT_RETAIN_SELF = YES;
				CLANG_WARN_OBJC_LITERAL_CONVERSION = YES;
				CLANG_WARN_OBJC_ROOT_CLASS = YES_ERROR;
				CLANG_WARN_QUOTED_INCLUDE_IN_FRAMEWORK_HEADER = YES;
				CLANG_WARN_RANGE_LOOP_ANALYSIS = YES;
				CLANG_WARN_STRICT_PROTOTYPES = YES;
				CLANG_WARN_SUSPICIOUS_MOVE = YES;
				CLANG_WARN_UNGUARDED_AVAILABILITY = YES_AGGRESSIVE;
				CLANG_WARN_UNREACHABLE_CODE = YES;
				CLANG_WARN__DUPLICATE_METHOD_MATCH = YES;
				COPY_PHASE_STRIP = NO;
				DEBUG_INFORMATION_FORMAT = "dwarf-with-dsym";
				ENABLE_NS_ASSERTIONS = NO;
				ENABLE_STRICT_OBJC_MSGSEND = YES;
				GCC_C_LANGUAGE_STANDARD = gnu11;
				GCC_NO_COMMON_BLOCKS = YES;
				GCC_WARN_64_TO_32_BIT_CONVERSION = YES;
				GCC_WARN_ABOUT_RETURN_TYPE = YES_ERROR;
				GCC_WARN_UNDECLARED_SELECTOR = YES;
				GCC_WARN_UNINITIALIZED_AUTOS = YES_AGGRESSIVE;
				GCC_WARN_UNUSED_FUNCTION = YES;
				GCC_WARN_UNUSED_VARIABLE = YES;
				MACOSX_DEPLOYMENT_TARGET = 12.3;
				MTL_ENABLE_DEBUG_INFO = NO;
				MTL_FAST_MATH = YES;
				SDKROOT = macosx;
				SWIFT_COMPILATION_MODE = wholemodule;
				SWIFT_OPTIMIZATION_LEVEL = "-O";
			};
			name = Release;
		};
		51B717702831280E00804F25 /* Debug */ = {
			isa = XCBuildConfiguration;
			buildSettings = {
				CODE_SIGN_STYLE = Automatic;
				PRODUCT_NAME = "$(TARGET_NAME)";
				SWIFT_VERSION = 5.0;
			};
			name = Debug;
		};
		51B717712831280E00804F25 /* Release */ = {
			isa = XCBuildConfiguration;
			buildSettings = {
				CODE_SIGN_STYLE = Automatic;
				PRODUCT_NAME = "$(TARGET_NAME)";
				SWIFT_VERSION = 5.0;
			};
			name = Release;
		};
/* End XCBuildConfiguration section */

/* Begin XCConfigurationList section */
		51B717632831280E00804F25 /* Build configuration list for PBXProject "CodingTest" */ = {
			isa = XCConfigurationList;
			buildConfigurations = (
				51B7176D2831280E00804F25 /* Debug */,
				51B7176E2831280E00804F25 /* Release */,
			);
			defaultConfigurationIsVisible = 0;
			defaultConfigurationName = Release;
		};
		51B7176F2831280E00804F25 /* Build configuration list for PBXNativeTarget "CodingTest" */ = {
			isa = XCConfigurationList;
			buildConfigurations = (
				51B717702831280E00804F25 /* Debug */,
				51B717712831280E00804F25 /* Release */,
			);
			defaultConfigurationIsVisible = 0;
			defaultConfigurationName = Release;
		};
/* End XCConfigurationList section */
	};
	rootObject = 51B717602831280E00804F25 /* Project object */;
}
