// !$*UTF8*$!
{
	archiveVersion = 1;
	classes = {
	};
	objectVersion = 55;
	objects = {

/* Begin PBXBuildFile section */
		5158F07B28479E280013ADC6 /* main.swift in Sources */ = {isa = PBXBuildFile; fileRef = 5158F07A28479E280013ADC6 /* main.swift */; };
/* End PBXBuildFile section */

/* Begin PBXCopyFilesBuildPhase section */
		51B717662831280E00804F25 /* CopyFiles */ = {
			isa = PBXCopyFilesBuildPhase;
			buildActionMask = 2147483647;
			dstPath = /usr/share/man/man1/;
			dstSubfolderSpec = 0;
			files = (
			);
			runOnlyForDeploymentPostprocessing = 1;
		};
/* End PBXCopyFilesBuildPhase section */

/* Begin PBXFileReference section */
		51099A7E283A4FE40044D232 /* 1110번 더하기 사이클.swift */ = {isa = PBXFileReference; lastKnownFileType = sourcecode.swift; path = "1110번 더하기 사이클.swift"; sourceTree = "<group>"; };
		51099A81283A55720044D232 /* 1259번 팰린드롬수.swift */ = {isa = PBXFileReference; lastKnownFileType = sourcecode.swift; path = "1259번 팰린드롬수.swift"; sourceTree = "<group>"; };
		51099A83283A597E0044D232 /* 1157번 단어공부.swift */ = {isa = PBXFileReference; lastKnownFileType = sourcecode.swift; path = "1157번 단어공부.swift"; sourceTree = "<group>"; };
		51099A85283A62D00044D232 /* 1181번 단어정렬.swift */ = {isa = PBXFileReference; lastKnownFileType = sourcecode.swift; path = "1181번 단어정렬.swift"; sourceTree = "<group>"; };
		51099A87283A66620044D232 /* 1292번 쉽게푸는문제.swift */ = {isa = PBXFileReference; lastKnownFileType = sourcecode.swift; path = "1292번 쉽게푸는문제.swift"; sourceTree = "<group>"; };
		51099A89283A6CD80044D232 /* 2751번 수정렬하기2.swift */ = {isa = PBXFileReference; lastKnownFileType = sourcecode.swift; path = "2751번 수정렬하기2.swift"; sourceTree = "<group>"; };
		51099A8B283A6E070044D232 /* 10989번 수정렬하기3.swift */ = {isa = PBXFileReference; lastKnownFileType = sourcecode.swift; path = "10989번 수정렬하기3.swift"; sourceTree = "<group>"; };
		51099A8E283A70790044D232 /* FileIO.swift */ = {isa = PBXFileReference; lastKnownFileType = sourcecode.swift; path = FileIO.swift; sourceTree = "<group>"; };
		51099A90283A752E0044D232 /* 11650번 좌표 정렬하기.swift */ = {isa = PBXFileReference; lastKnownFileType = sourcecode.swift; path = "11650번 좌표 정렬하기.swift"; sourceTree = "<group>"; };
		51099A92283A78290044D232 /* 10828번 스택.swift */ = {isa = PBXFileReference; lastKnownFileType = sourcecode.swift; path = "10828번 스택.swift"; sourceTree = "<group>"; };
		51099A95283A91660044D232 /* 10845번 큐.swift */ = {isa = PBXFileReference; lastKnownFileType = sourcecode.swift; path = "10845번 큐.swift"; sourceTree = "<group>"; };
		51099A97283A94880044D232 /* 1463번 1로 만들기.swift */ = {isa = PBXFileReference; lastKnownFileType = sourcecode.swift; path = "1463번 1로 만들기.swift"; sourceTree = "<group>"; };
		51365DBA283BCF450057B9BF /* 2606번 바이러스.swift */ = {isa = PBXFileReference; lastKnownFileType = sourcecode.swift; path = "2606번 바이러스.swift"; sourceTree = "<group>"; };
		51365DBD283BE2BA0057B9BF /* 2839번 설탕배달.swift */ = {isa = PBXFileReference; lastKnownFileType = sourcecode.swift; path = "2839번 설탕배달.swift"; sourceTree = "<group>"; };
		51365DBF283BF2860057B9BF /* 2579번 계단 오르기.swift */ = {isa = PBXFileReference; lastKnownFileType = sourcecode.swift; path = "2579번 계단 오르기.swift"; sourceTree = "<group>"; };
		51365DC1283BFCCD0057B9BF /* 2156번 포도주 시식.swift */ = {isa = PBXFileReference; lastKnownFileType = sourcecode.swift; path = "2156번 포도주 시식.swift"; sourceTree = "<group>"; };
		5151DAB0283F9EA500943B14 /* 2750번 수 정렬하기.swift */ = {isa = PBXFileReference; lastKnownFileType = sourcecode.swift; path = "2750번 수 정렬하기.swift"; sourceTree = "<group>"; };
		5151DAB2283F9FC300943B14 /* 1316번 그룹단어체커.swift */ = {isa = PBXFileReference; lastKnownFileType = sourcecode.swift; path = "1316번 그룹단어체커.swift"; sourceTree = "<group>"; };
		5151DAB4283FB5B400943B14 /* 5585번 거스름돈.swift */ = {isa = PBXFileReference; lastKnownFileType = sourcecode.swift; path = "5585번 거스름돈.swift"; sourceTree = "<group>"; };
		5151DAB72840B6B800943B14 /* 10610번 30.swift */ = {isa = PBXFileReference; lastKnownFileType = sourcecode.swift; path = "10610번 30.swift"; sourceTree = "<group>"; };
		5151DAB92840C09D00943B14 /* 1789번 수들의 합.swift */ = {isa = PBXFileReference; lastKnownFileType = sourcecode.swift; path = "1789번 수들의 합.swift"; sourceTree = "<group>"; };
		5151DABB2840CAE400943B14 /* 10162번 전자레인지.swift */ = {isa = PBXFileReference; lastKnownFileType = sourcecode.swift; path = "10162번 전자레인지.swift"; sourceTree = "<group>"; };
		5151DABD2840CE8000943B14 /* 1439번 뒤집기.swift */ = {isa = PBXFileReference; lastKnownFileType = sourcecode.swift; path = "1439번 뒤집기.swift"; sourceTree = "<group>"; };
		5151DABF2840D5B500943B14 /* 4796번 캠핑.swift */ = {isa = PBXFileReference; lastKnownFileType = sourcecode.swift; path = "4796번 캠핑.swift"; sourceTree = "<group>"; };
		5151DAC12840DB3A00943B14 /* 1049번 기타줄.swift */ = {isa = PBXFileReference; lastKnownFileType = sourcecode.swift; path = "1049번 기타줄.swift"; sourceTree = "<group>"; };
		5151DAC32840F4B900943B14 /* 11399번 ATM.swift */ = {isa = PBXFileReference; lastKnownFileType = sourcecode.swift; path = "11399번 ATM.swift"; sourceTree = "<group>"; };
		5151DAC62840FEDA00943B14 /* 11047번 동전 0.swift */ = {isa = PBXFileReference; lastKnownFileType = sourcecode.swift; path = "11047번 동전 0.swift"; sourceTree = "<group>"; };
		5151DAC9284136E700943B14 /* 1026번 보물.swift */ = {isa = PBXFileReference; lastKnownFileType = sourcecode.swift; path = "1026번 보물.swift"; sourceTree = "<group>"; };
		515609D0283C12D600781E8A /* 11052번 카드 구매하기1.swift */ = {isa = PBXFileReference; lastKnownFileType = sourcecode.swift; path = "11052번 카드 구매하기1.swift"; sourceTree = "<group>"; };
		515609D2283C306C00781E8A /* 16194번 카드 구매하기2.swift */ = {isa = PBXFileReference; lastKnownFileType = sourcecode.swift; path = "16194번 카드 구매하기2.swift"; sourceTree = "<group>"; };
		515609D4283C33C000781E8A /* 1357번 뒤집힌 덧셈.swift */ = {isa = PBXFileReference; lastKnownFileType = sourcecode.swift; path = "1357번 뒤집힌 덧셈.swift"; sourceTree = "<group>"; };
		5158F06B28464FCE0013ADC6 /* 1543번 문서 검색.swift */ = {isa = PBXFileReference; lastKnownFileType = sourcecode.swift; path = "1543번 문서 검색.swift"; sourceTree = "<group>"; };
		5158F06D284658A00013ADC6 /* 1449번 수리공 항승.swift */ = {isa = PBXFileReference; lastKnownFileType = sourcecode.swift; path = "1449번 수리공 항승.swift"; sourceTree = "<group>"; };
		5158F06F284673390013ADC6 /* 1213번 팰린드롬 만들기.swift */ = {isa = PBXFileReference; lastKnownFileType = sourcecode.swift; path = "1213번 팰린드롬 만들기.swift"; sourceTree = "<group>"; };
		5158F072284683FA0013ADC6 /* 1931번 회의실 배정.swift */ = {isa = PBXFileReference; lastKnownFileType = sourcecode.swift; path = "1931번 회의실 배정.swift"; sourceTree = "<group>"; };
		5158F074284696350013ADC6 /* 1541번 잃어버린 괄호.swift */ = {isa = PBXFileReference; lastKnownFileType = sourcecode.swift; path = "1541번 잃어버린 괄호.swift"; sourceTree = "<group>"; };
		5158F0762846A82C0013ADC6 /* 1929번 소수 구하기.swift */ = {isa = PBXFileReference; lastKnownFileType = sourcecode.swift; path = "1929번 소수 구하기.swift"; sourceTree = "<group>"; };
		5158F07A28479E280013ADC6 /* main.swift */ = {isa = PBXFileReference; lastKnownFileType = sourcecode.swift; path = main.swift; sourceTree = "<group>"; };
		51602FE3283E75B300D895F3 /* 1032번 명령 프롬프트.swift */ = {isa = PBXFileReference; lastKnownFileType = sourcecode.swift; path = "1032번 명령 프롬프트.swift"; sourceTree = "<group>"; };
		51602FE6283E7ADE00D895F3 /* 1546번 평균.swift */ = {isa = PBXFileReference; lastKnownFileType = sourcecode.swift; path = "1546번 평균.swift"; sourceTree = "<group>"; };
		51602FE8283E7D6900D895F3 /* 4344번 평균은 넘겠지.swift */ = {isa = PBXFileReference; lastKnownFileType = sourcecode.swift; path = "4344번 평균은 넘겠지.swift"; sourceTree = "<group>"; };
		51611C3B28422BEB0080A1F3 /* 1003번 피보나치 함수.swift */ = {isa = PBXFileReference; lastKnownFileType = sourcecode.swift; path = "1003번 피보나치 함수.swift"; sourceTree = "<group>"; };
		51B717682831280E00804F25 /* CodingTest */ = {isa = PBXFileReference; explicitFileType = "compiled.mach-o.executable"; includeInIndex = 0; path = CodingTest; sourceTree = BUILT_PRODUCTS_DIR; };
		51B7176B2831280E00804F25 /* K번째 수.swift */ = {isa = PBXFileReference; lastKnownFileType = sourcecode.swift; path = "K번째 수.swift"; sourceTree = "<group>"; };
		51B7177428312E5B00804F25 /* 없는 숫자 더하기.swift */ = {isa = PBXFileReference; lastKnownFileType = sourcecode.swift; path = "없는 숫자 더하기.swift"; sourceTree = "<group>"; };
		51B717792831343200804F25 /* 가장 큰 수.swift */ = {isa = PBXFileReference; lastKnownFileType = sourcecode.swift; path = "가장 큰 수.swift"; sourceTree = "<group>"; };
		51B7177C28313CB300804F25 /* H-Index.swift */ = {isa = PBXFileReference; lastKnownFileType = sourcecode.swift; path = "H-Index.swift"; sourceTree = "<group>"; };
		51B7177F2831606300804F25 /* 신규 아이디 추천.swift */ = {isa = PBXFileReference; lastKnownFileType = sourcecode.swift; path = "신규 아이디 추천.swift"; sourceTree = "<group>"; };
		51D099CF28438ED400DF5086 /* 9095번 123 더하기.swift */ = {isa = PBXFileReference; lastKnownFileType = sourcecode.swift; path = "9095번 123 더하기.swift"; sourceTree = "<group>"; };
		51D099D12843956000DF5086 /* 14501번 퇴사.swift */ = {isa = PBXFileReference; lastKnownFileType = sourcecode.swift; path = "14501번 퇴사.swift"; sourceTree = "<group>"; };
/* End PBXFileReference section */

/* Begin PBXFrameworksBuildPhase section */
		51B717652831280E00804F25 /* Frameworks */ = {
			isa = PBXFrameworksBuildPhase;
			buildActionMask = 2147483647;
			files = (
			);
			runOnlyForDeploymentPostprocessing = 0;
		};
/* End PBXFrameworksBuildPhase section */

/* Begin PBXGroup section */
		51099A7C283A4FBA0044D232 /* BOJ */ = {
			isa = PBXGroup;
			children = (
				5158F071284683F20013ADC6 /* 22.06.01 */,
				5158F06A28464FC50013ADC6 /* 22.05.31 */,
				51DAD9C82844534200D35952 /* 22.05.30 */,
				51D099CE28438ECC00DF5086 /* 22.05.29 */,
				5151DAC8284136C700943B14 /* 22.05.28 */,
				5151DAB62840B36000943B14 /* 22.05.27 */,
				5151DAAF283F9E9900943B14 /* 22.05.26 */,
				51602FE5283E774E00D895F3 /* 22.05.25 */,
				51365DBC283BE2AA0057B9BF /* 22.05.24 */,
				51099A94283A91460044D232 /* 22.05.23 */,
				51099A7D283A4FC40044D232 /* 22.05.22 */,
			);
			path = BOJ;
			sourceTree = "<group>";
		};
		51099A7D283A4FC40044D232 /* 22.05.22 */ = {
			isa = PBXGroup;
			children = (
				51099A7E283A4FE40044D232 /* 1110번 더하기 사이클.swift */,
				51099A81283A55720044D232 /* 1259번 팰린드롬수.swift */,
				51099A83283A597E0044D232 /* 1157번 단어공부.swift */,
				51099A85283A62D00044D232 /* 1181번 단어정렬.swift */,
				51099A87283A66620044D232 /* 1292번 쉽게푸는문제.swift */,
				51099A89283A6CD80044D232 /* 2751번 수정렬하기2.swift */,
				51099A8B283A6E070044D232 /* 10989번 수정렬하기3.swift */,
				51099A90283A752E0044D232 /* 11650번 좌표 정렬하기.swift */,
			);
			path = 22.05.22;
			sourceTree = "<group>";
		};
		51099A8D283A706D0044D232 /* Api */ = {
			isa = PBXGroup;
			children = (
				51099A8E283A70790044D232 /* FileIO.swift */,
			);
			path = Api;
			sourceTree = "<group>";
		};
		51099A94283A91460044D232 /* 22.05.23 */ = {
			isa = PBXGroup;
			children = (
				51099A92283A78290044D232 /* 10828번 스택.swift */,
				51099A95283A91660044D232 /* 10845번 큐.swift */,
				51099A97283A94880044D232 /* 1463번 1로 만들기.swift */,
			);
			path = 22.05.23;
			sourceTree = "<group>";
		};
		51365DBC283BE2AA0057B9BF /* 22.05.24 */ = {
			isa = PBXGroup;
			children = (
				51365DBA283BCF450057B9BF /* 2606번 바이러스.swift */,
				51365DBD283BE2BA0057B9BF /* 2839번 설탕배달.swift */,
				51365DBF283BF2860057B9BF /* 2579번 계단 오르기.swift */,
				51365DC1283BFCCD0057B9BF /* 2156번 포도주 시식.swift */,
				515609D0283C12D600781E8A /* 11052번 카드 구매하기1.swift */,
				515609D2283C306C00781E8A /* 16194번 카드 구매하기2.swift */,
			);
			path = 22.05.24;
			sourceTree = "<group>";
		};
		5151DAAF283F9E9900943B14 /* 22.05.26 */ = {
			isa = PBXGroup;
			children = (
				51602FE8283E7D6900D895F3 /* 4344번 평균은 넘겠지.swift */,
				5151DAB0283F9EA500943B14 /* 2750번 수 정렬하기.swift */,
				5151DAB2283F9FC300943B14 /* 1316번 그룹단어체커.swift */,
			);
			path = 22.05.26;
			sourceTree = "<group>";
		};
		5151DAB62840B36000943B14 /* 22.05.27 */ = {
			isa = PBXGroup;
			children = (
				5151DAB4283FB5B400943B14 /* 5585번 거스름돈.swift */,
				5151DAB72840B6B800943B14 /* 10610번 30.swift */,
				5151DAB92840C09D00943B14 /* 1789번 수들의 합.swift */,
				5151DABB2840CAE400943B14 /* 10162번 전자레인지.swift */,
				5151DABD2840CE8000943B14 /* 1439번 뒤집기.swift */,
				5151DABF2840D5B500943B14 /* 4796번 캠핑.swift */,
				5151DAC12840DB3A00943B14 /* 1049번 기타줄.swift */,
				5151DAC32840F4B900943B14 /* 11399번 ATM.swift */,
			);
			path = 22.05.27;
			sourceTree = "<group>";
		};
		5151DAC8284136C700943B14 /* 22.05.28 */ = {
			isa = PBXGroup;
			children = (
				5151DAC62840FEDA00943B14 /* 11047번 동전 0.swift */,
				5151DAC9284136E700943B14 /* 1026번 보물.swift */,
			);
			path = 22.05.28;
			sourceTree = "<group>";
		};
		5158F06A28464FC50013ADC6 /* 22.05.31 */ = {
			isa = PBXGroup;
			children = (
				5158F06B28464FCE0013ADC6 /* 1543번 문서 검색.swift */,
				5158F06D284658A00013ADC6 /* 1449번 수리공 항승.swift */,
			);
			path = 22.05.31;
			sourceTree = "<group>";
		};
		5158F071284683F20013ADC6 /* 22.06.01 */ = {
			isa = PBXGroup;
			children = (
				5158F06F284673390013ADC6 /* 1213번 팰린드롬 만들기.swift */,
				5158F072284683FA0013ADC6 /* 1931번 회의실 배정.swift */,
				5158F074284696350013ADC6 /* 1541번 잃어버린 괄호.swift */,
				5158F0762846A82C0013ADC6 /* 1929번 소수 구하기.swift */,
				5158F07A28479E280013ADC6 /* main.swift */,
			);
			path = 22.06.01;
			sourceTree = "<group>";
		};
		51602FE5283E774E00D895F3 /* 22.05.25 */ = {
			isa = PBXGroup;
			children = (
				51602FE3283E75B300D895F3 /* 1032번 명령 프롬프트.swift */,
				51602FE6283E7ADE00D895F3 /* 1546번 평균.swift */,
				515609D4283C33C000781E8A /* 1357번 뒤집힌 덧셈.swift */,
			);
			path = 22.05.25;
			sourceTree = "<group>";
		};
		51B7175F2831280E00804F25 = {
			isa = PBXGroup;
			children = (
				51B7176A2831280E00804F25 /* CodingTest */,
				51B717692831280E00804F25 /* Products */,
			);
			sourceTree = "<group>";
		};
		51B717692831280E00804F25 /* Products */ = {
			isa = PBXGroup;
			children = (
				51B717682831280E00804F25 /* CodingTest */,
			);
			name = Products;
			sourceTree = "<group>";
		};
		51B7176A2831280E00804F25 /* CodingTest */ = {
			isa = PBXGroup;
			children = (
				51099A8D283A706D0044D232 /* Api */,
				51099A7C283A4FBA0044D232 /* BOJ */,
				51B7177228312E2700804F25 /* Programmers */,
			);
			path = CodingTest;
			sourceTree = "<group>";
		};
		51B7177228312E2700804F25 /* Programmers */ = {
			isa = PBXGroup;
			children = (
				51B7177E28315C0A00804F25 /* 22.05.16 */,
				51B7177328312E3A00804F25 /* 22.05.15 */,
			);
			path = Programmers;
			sourceTree = "<group>";
		};
		51B7177328312E3A00804F25 /* 22.05.15 */ = {
			isa = PBXGroup;
			children = (
				51B7177428312E5B00804F25 /* 없는 숫자 더하기.swift */,
				51B7176B2831280E00804F25 /* K번째 수.swift */,
				51B717792831343200804F25 /* 가장 큰 수.swift */,
			);
			path = 22.05.15;
			sourceTree = "<group>";
		};
		51B7177E28315C0A00804F25 /* 22.05.16 */ = {
			isa = PBXGroup;
			children = (
				51B7177C28313CB300804F25 /* H-Index.swift */,
				51B7177F2831606300804F25 /* 신규 아이디 추천.swift */,
			);
			path = 22.05.16;
			sourceTree = "<group>";
		};
		51D099CE28438ECC00DF5086 /* 22.05.29 */ = {
			isa = PBXGroup;
			children = (
				51611C3B28422BEB0080A1F3 /* 1003번 피보나치 함수.swift */,
				51D099CF28438ED400DF5086 /* 9095번 123 더하기.swift */,
			);
			path = 22.05.29;
			sourceTree = "<group>";
		};
		51DAD9C82844534200D35952 /* 22.05.30 */ = {
			isa = PBXGroup;
			children = (
				51D099D12843956000DF5086 /* 14501번 퇴사.swift */,
			);
			path = 22.05.30;
			sourceTree = "<group>";
		};
/* End PBXGroup section */

/* Begin PBXNativeTarget section */
		51B717672831280E00804F25 /* CodingTest */ = {
			isa = PBXNativeTarget;
			buildConfigurationList = 51B7176F2831280E00804F25 /* Build configuration list for PBXNativeTarget "CodingTest" */;
			buildPhases = (
				51B717642831280E00804F25 /* Sources */,
				51B717652831280E00804F25 /* Frameworks */,
				51B717662831280E00804F25 /* CopyFiles */,
			);
			buildRules = (
			);
			dependencies = (
			);
			name = CodingTest;
			productName = CodingTest;
			productReference = 51B717682831280E00804F25 /* CodingTest */;
			productType = "com.apple.product-type.tool";
		};
/* End PBXNativeTarget section */

/* Begin PBXProject section */
		51B717602831280E00804F25 /* Project object */ = {
			isa = PBXProject;
			attributes = {
				BuildIndependentTargetsInParallel = 1;
				LastSwiftUpdateCheck = 1330;
				LastUpgradeCheck = 1330;
				TargetAttributes = {
					51B717672831280E00804F25 = {
						CreatedOnToolsVersion = 13.3.1;
					};
				};
			};
			buildConfigurationList = 51B717632831280E00804F25 /* Build configuration list for PBXProject "CodingTest" */;
			compatibilityVersion = "Xcode 13.0";
			developmentRegion = en;
			hasScannedForEncodings = 0;
			knownRegions = (
				en,
				Base,
			);
			mainGroup = 51B7175F2831280E00804F25;
			productRefGroup = 51B717692831280E00804F25 /* Products */;
			projectDirPath = "";
			projectRoot = "";
			targets = (
				51B717672831280E00804F25 /* CodingTest */,
			);
		};
/* End PBXProject section */

/* Begin PBXSourcesBuildPhase section */
		51B717642831280E00804F25 /* Sources */ = {
			isa = PBXSourcesBuildPhase;
			buildActionMask = 2147483647;
			files = (
				5158F07B28479E280013ADC6 /* main.swift in Sources */,
			);
			runOnlyForDeploymentPostprocessing = 0;
		};
/* End PBXSourcesBuildPhase section */

/* Begin XCBuildConfiguration section */
		51B7176D2831280E00804F25 /* Debug */ = {
			isa = XCBuildConfiguration;
			buildSettings = {
				ALWAYS_SEARCH_USER_PATHS = NO;
				CLANG_ANALYZER_NONNULL = YES;
				CLANG_ANALYZER_NUMBER_OBJECT_CONVERSION = YES_AGGRESSIVE;
				CLANG_CXX_LANGUAGE_STANDARD = "gnu++17";
				CLANG_ENABLE_MODULES = YES;
				CLANG_ENABLE_OBJC_ARC = YES;
				CLANG_ENABLE_OBJC_WEAK = YES;
				CLANG_WARN_BLOCK_CAPTURE_AUTORELEASING = YES;
				CLANG_WARN_BOOL_CONVERSION = YES;
				CLANG_WARN_COMMA = YES;
				CLANG_WARN_CONSTANT_CONVERSION = YES;
				CLANG_WARN_DEPRECATED_OBJC_IMPLEMENTATIONS = YES;
				CLANG_WARN_DIRECT_OBJC_ISA_USAGE = YES_ERROR;
				CLANG_WARN_DOCUMENTATION_COMMENTS = YES;
				CLANG_WARN_EMPTY_BODY = YES;
				CLANG_WARN_ENUM_CONVERSION = YES;
				CLANG_WARN_INFINITE_RECURSION = YES;
				CLANG_WARN_INT_CONVERSION = YES;
				CLANG_WARN_NON_LITERAL_NULL_CONVERSION = YES;
				CLANG_WARN_OBJC_IMPLICIT_RETAIN_SELF = YES;
				CLANG_WARN_OBJC_LITERAL_CONVERSION = YES;
				CLANG_WARN_OBJC_ROOT_CLASS = YES_ERROR;
				CLANG_WARN_QUOTED_INCLUDE_IN_FRAMEWORK_HEADER = YES;
				CLANG_WARN_RANGE_LOOP_ANALYSIS = YES;
				CLANG_WARN_STRICT_PROTOTYPES = YES;
				CLANG_WARN_SUSPICIOUS_MOVE = YES;
				CLANG_WARN_UNGUARDED_AVAILABILITY = YES_AGGRESSIVE;
				CLANG_WARN_UNREACHABLE_CODE = YES;
				CLANG_WARN__DUPLICATE_METHOD_MATCH = YES;
				COPY_PHASE_STRIP = NO;
				DEBUG_INFORMATION_FORMAT = dwarf;
				ENABLE_STRICT_OBJC_MSGSEND = YES;
				ENABLE_TESTABILITY = YES;
				GCC_C_LANGUAGE_STANDARD = gnu11;
				GCC_DYNAMIC_NO_PIC = NO;
				GCC_NO_COMMON_BLOCKS = YES;
				GCC_OPTIMIZATION_LEVEL = 0;
				GCC_PREPROCESSOR_DEFINITIONS = (
					"DEBUG=1",
					"$(inherited)",
				);
				GCC_WARN_64_TO_32_BIT_CONVERSION = YES;
				GCC_WARN_ABOUT_RETURN_TYPE = YES_ERROR;
				GCC_WARN_UNDECLARED_SELECTOR = YES;
				GCC_WARN_UNINITIALIZED_AUTOS = YES_AGGRESSIVE;
				GCC_WARN_UNUSED_FUNCTION = YES;
				GCC_WARN_UNUSED_VARIABLE = YES;
				MACOSX_DEPLOYMENT_TARGET = 12.3;
				MTL_ENABLE_DEBUG_INFO = INCLUDE_SOURCE;
				MTL_FAST_MATH = YES;
				ONLY_ACTIVE_ARCH = YES;
				SDKROOT = macosx;
				SWIFT_ACTIVE_COMPILATION_CONDITIONS = DEBUG;
				SWIFT_OPTIMIZATION_LEVEL = "-Onone";
			};
			name = Debug;
		};
		51B7176E2831280E00804F25 /* Release */ = {
			isa = XCBuildConfiguration;
			buildSettings = {
				ALWAYS_SEARCH_USER_PATHS = NO;
				CLANG_ANALYZER_NONNULL = YES;
				CLANG_ANALYZER_NUMBER_OBJECT_CONVERSION = YES_AGGRESSIVE;
				CLANG_CXX_LANGUAGE_STANDARD = "gnu++17";
				CLANG_ENABLE_MODULES = YES;
				CLANG_ENABLE_OBJC_ARC = YES;
				CLANG_ENABLE_OBJC_WEAK = YES;
				CLANG_WARN_BLOCK_CAPTURE_AUTORELEASING = YES;
				CLANG_WARN_BOOL_CONVERSION = YES;
				CLANG_WARN_COMMA = YES;
				CLANG_WARN_CONSTANT_CONVERSION = YES;
				CLANG_WARN_DEPRECATED_OBJC_IMPLEMENTATIONS = YES;
				CLANG_WARN_DIRECT_OBJC_ISA_USAGE = YES_ERROR;
				CLANG_WARN_DOCUMENTATION_COMMENTS = YES;
				CLANG_WARN_EMPTY_BODY = YES;
				CLANG_WARN_ENUM_CONVERSION = YES;
				CLANG_WARN_INFINITE_RECURSION = YES;
				CLANG_WARN_INT_CONVERSION = YES;
				CLANG_WARN_NON_LITERAL_NULL_CONVERSION = YES;
				CLANG_WARN_OBJC_IMPLICIT_RETAIN_SELF = YES;
				CLANG_WARN_OBJC_LITERAL_CONVERSION = YES;
				CLANG_WARN_OBJC_ROOT_CLASS = YES_ERROR;
				CLANG_WARN_QUOTED_INCLUDE_IN_FRAMEWORK_HEADER = YES;
				CLANG_WARN_RANGE_LOOP_ANALYSIS = YES;
				CLANG_WARN_STRICT_PROTOTYPES = YES;
				CLANG_WARN_SUSPICIOUS_MOVE = YES;
				CLANG_WARN_UNGUARDED_AVAILABILITY = YES_AGGRESSIVE;
				CLANG_WARN_UNREACHABLE_CODE = YES;
				CLANG_WARN__DUPLICATE_METHOD_MATCH = YES;
				COPY_PHASE_STRIP = NO;
				DEBUG_INFORMATION_FORMAT = "dwarf-with-dsym";
				ENABLE_NS_ASSERTIONS = NO;
				ENABLE_STRICT_OBJC_MSGSEND = YES;
				GCC_C_LANGUAGE_STANDARD = gnu11;
				GCC_NO_COMMON_BLOCKS = YES;
				GCC_WARN_64_TO_32_BIT_CONVERSION = YES;
				GCC_WARN_ABOUT_RETURN_TYPE = YES_ERROR;
				GCC_WARN_UNDECLARED_SELECTOR = YES;
				GCC_WARN_UNINITIALIZED_AUTOS = YES_AGGRESSIVE;
				GCC_WARN_UNUSED_FUNCTION = YES;
				GCC_WARN_UNUSED_VARIABLE = YES;
				MACOSX_DEPLOYMENT_TARGET = 12.3;
				MTL_ENABLE_DEBUG_INFO = NO;
				MTL_FAST_MATH = YES;
				SDKROOT = macosx;
				SWIFT_COMPILATION_MODE = wholemodule;
				SWIFT_OPTIMIZATION_LEVEL = "-O";
			};
			name = Release;
		};
		51B717702831280E00804F25 /* Debug */ = {
			isa = XCBuildConfiguration;
			buildSettings = {
				CODE_SIGN_STYLE = Automatic;
				PRODUCT_NAME = "$(TARGET_NAME)";
				SWIFT_VERSION = 5.0;
			};
			name = Debug;
		};
		51B717712831280E00804F25 /* Release */ = {
			isa = XCBuildConfiguration;
			buildSettings = {
				CODE_SIGN_STYLE = Automatic;
				PRODUCT_NAME = "$(TARGET_NAME)";
				SWIFT_VERSION = 5.0;
			};
			name = Release;
		};
/* End XCBuildConfiguration section */

/* Begin XCConfigurationList section */
		51B717632831280E00804F25 /* Build configuration list for PBXProject "CodingTest" */ = {
			isa = XCConfigurationList;
			buildConfigurations = (
				51B7176D2831280E00804F25 /* Debug */,
				51B7176E2831280E00804F25 /* Release */,
			);
			defaultConfigurationIsVisible = 0;
			defaultConfigurationName = Release;
		};
		51B7176F2831280E00804F25 /* Build configuration list for PBXNativeTarget "CodingTest" */ = {
			isa = XCConfigurationList;
			buildConfigurations = (
				51B717702831280E00804F25 /* Debug */,
				51B717712831280E00804F25 /* Release */,
			);
			defaultConfigurationIsVisible = 0;
			defaultConfigurationName = Release;
		};
/* End XCConfigurationList section */
	};
	rootObject = 51B717602831280E00804F25 /* Project object */;
}
